
Microsoft Visual Studio Solution File, Format Version 12.00
# Visual Studio Version 16
VisualStudioVersion = 16.0.29905.134
MinimumVisualStudioVersion = 10.0.40219.1
Project("{FAE04EC0-301F-11D3-BF4B-00C04F79EFBC}") = "CipheredMessageHandler", "CipheredMessageHandler\CipheredMessageHandler.csproj", "{7048746E-D88D-4743-97D9-1B5A4D07B593}"
EndProject
Global
	GlobalSection(SolutionConfigurationPlatforms) = preSolution
		Debug|Any CPU = Debug|Any CPU
		Release|Any CPU = Release|Any CPU
	EndGlobalSection
	GlobalSection(ProjectConfigurationPlatforms) = postSolution
		{7048746E-D88D-4743-97D9-1B5A4D07B593}.Debug|Any CPU.ActiveCfg = Debug|Any CPU
		{7048746E-D88D-4743-97D9-1B5A4D07B593}.Debug|Any CPU.Build.0 = Debug|Any CPU
		{7048746E-D88D-4743-97D9-1B5A4D07B593}.Release|Any CPU.ActiveCfg = Release|Any CPU
		{7048746E-D88D-4743-97D9-1B5A4D07B593}.Release|Any CPU.Build.0 = Release|Any CPU
	EndGlobalSection
	GlobalSection(SolutionProperties) = preSolution
		HideSolutionNode = FALSE
	EndGlobalSection
	GlobalSection(ExtensibilityGlobals) = postSolution
		SolutionGuid = {0BD61C97-40E0-420D-B16D-2FE6D0CBCF3E}
	EndGlobalSection
EndGlobal
